
Microsoft Visual Studio Solution File, Format Version 12.00
# Visual Studio 15
VisualStudioVersion = 15.0.27703.2026
MinimumVisualStudioVersion = 10.0.40219.1
Project("{FAE04EC0-301F-11D3-BF4B-00C04F79EFBC}") = "NanoApp.Android", "NanoApp\NanoApp.Android\NanoApp.Android.csproj", "{87705EB8-7489-4509-9696-F51A844B338D}"
EndProject
Project("{FAE04EC0-301F-11D3-BF4B-00C04F79EFBC}") = "NanoApp.iOS", "NanoApp\NanoApp.iOS\NanoApp.iOS.csproj", "{3CAFB377-9832-461D-B790-95C7C1E4171A}"
EndProject
Project("{FAE04EC0-301F-11D3-BF4B-00C04F79EFBC}") = "NanoApp", "NanoApp\NanoApp\NanoApp.csproj", "{BD990322-C212-4711-84CA-386E7675D09C}"
EndProject
Global
	GlobalSection(SolutionConfigurationPlatforms) = preSolution
		Ad-Hoc|Any CPU = Ad-Hoc|Any CPU
		Ad-Hoc|iPhone = Ad-Hoc|iPhone
		Ad-Hoc|iPhoneSimulator = Ad-Hoc|iPhoneSimulator
		AppStore|Any CPU = AppStore|Any CPU
		AppStore|iPhone = AppStore|iPhone
		AppStore|iPhoneSimulator = AppStore|iPhoneSimulator
		Debug|Any CPU = Debug|Any CPU
		Debug|iPhone = Debug|iPhone
		Debug|iPhoneSimulator = Debug|iPhoneSimulator
		Release|Any CPU = Release|Any CPU
		Release|iPhone = Release|iPhone
		Release|iPhoneSimulator = Release|iPhoneSimulator
	EndGlobalSection
	GlobalSection(ProjectConfigurationPlatforms) = postSolution
		{87705EB8-7489-4509-9696-F51A844B338D}.Ad-Hoc|Any CPU.ActiveCfg = Release|Any CPU
		{87705EB8-7489-4509-9696-F51A844B338D}.Ad-Hoc|Any CPU.Build.0 = Release|Any CPU
		{87705EB8-7489-4509-9696-F51A844B338D}.Ad-Hoc|Any CPU.Deploy.0 = Release|Any CPU
		{87705EB8-7489-4509-9696-F51A844B338D}.Ad-Hoc|iPhone.ActiveCfg = Release|Any CPU
		{87705EB8-7489-4509-9696-F51A844B338D}.Ad-Hoc|iPhone.Build.0 = Release|Any CPU
		{87705EB8-7489-4509-9696-F51A844B338D}.Ad-Hoc|iPhone.Deploy.0 = Release|Any CPU
		{87705EB8-7489-4509-9696-F51A844B338D}.Ad-Hoc|iPhoneSimulator.ActiveCfg = Release|Any CPU
		{87705EB8-7489-4509-9696-F51A844B338D}.Ad-Hoc|iPhoneSimulator.Build.0 = Release|Any CPU
		{87705EB8-7489-4509-9696-F51A844B338D}.Ad-Hoc|iPhoneSimulator.Deploy.0 = Release|Any CPU
		{87705EB8-7489-4509-9696-F51A844B338D}.AppStore|Any CPU.ActiveCfg = Release|Any CPU
		{87705EB8-7489-4509-9696-F51A844B338D}.AppStore|Any CPU.Build.0 = Release|Any CPU
		{87705EB8-7489-4509-9696-F51A844B338D}.AppStore|Any CPU.Deploy.0 = Release|Any CPU
		{87705EB8-7489-4509-9696-F51A844B338D}.AppStore|iPhone.ActiveCfg = Release|Any CPU
		{87705EB8-7489-4509-9696-F51A844B338D}.AppStore|iPhone.Build.0 = Release|Any CPU
		{87705EB8-7489-4509-9696-F51A844B338D}.AppStore|iPhone.Deploy.0 = Release|Any CPU
		{87705EB8-7489-4509-9696-F51A844B338D}.AppStore|iPhoneSimulator.ActiveCfg = Release|Any CPU
		{87705EB8-7489-4509-9696-F51A844B338D}.AppStore|iPhoneSimulator.Build.0 = Release|Any CPU
		{87705EB8-7489-4509-9696-F51A844B338D}.AppStore|iPhoneSimulator.Deploy.0 = Release|Any CPU
		{87705EB8-7489-4509-9696-F51A844B338D}.Debug|Any CPU.ActiveCfg = Debug|Any CPU
		{87705EB8-7489-4509-9696-F51A844B338D}.Debug|Any CPU.Build.0 = Debug|Any CPU
		{87705EB8-7489-4509-9696-F51A844B338D}.Debug|Any CPU.Deploy.0 = Debug|Any CPU
		{87705EB8-7489-4509-9696-F51A844B338D}.Debug|iPhone.ActiveCfg = Debug|Any CPU
		{87705EB8-7489-4509-9696-F51A844B338D}.Debug|iPhone.Build.0 = Debug|Any CPU
		{87705EB8-7489-4509-9696-F51A844B338D}.Debug|iPhone.Deploy.0 = Debug|Any CPU
		{87705EB8-7489-4509-9696-F51A844B338D}.Debug|iPhoneSimulator.ActiveCfg = Debug|Any CPU
		{87705EB8-7489-4509-9696-F51A844B338D}.Debug|iPhoneSimulator.Build.0 = Debug|Any CPU
		{87705EB8-7489-4509-9696-F51A844B338D}.Debug|iPhoneSimulator.Deploy.0 = Debug|Any CPU
		{87705EB8-7489-4509-9696-F51A844B338D}.Release|Any CPU.ActiveCfg = Release|Any CPU
		{87705EB8-7489-4509-9696-F51A844B338D}.Release|Any CPU.Build.0 = Release|Any CPU
		{87705EB8-7489-4509-9696-F51A844B338D}.Release|Any CPU.Deploy.0 = Release|Any CPU
		{87705EB8-7489-4509-9696-F51A844B338D}.Release|iPhone.ActiveCfg = Release|Any CPU
		{87705EB8-7489-4509-9696-F51A844B338D}.Release|iPhone.Build.0 = Release|Any CPU
		{87705EB8-7489-4509-9696-F51A844B338D}.Release|iPhone.Deploy.0 = Release|Any CPU
		{87705EB8-7489-4509-9696-F51A844B338D}.Release|iPhoneSimulator.ActiveCfg = Release|Any CPU
		{87705EB8-7489-4509-9696-F51A844B338D}.Release|iPhoneSimulator.Build.0 = Release|Any CPU
		{87705EB8-7489-4509-9696-F51A844B338D}.Release|iPhoneSimulator.Deploy.0 = Release|Any CPU
		{3CAFB377-9832-461D-B790-95C7C1E4171A}.Ad-Hoc|Any CPU.ActiveCfg = Ad-Hoc|iPhone
		{3CAFB377-9832-461D-B790-95C7C1E4171A}.Ad-Hoc|Any CPU.Build.0 = Ad-Hoc|iPhone
		{3CAFB377-9832-461D-B790-95C7C1E4171A}.Ad-Hoc|Any CPU.Deploy.0 = Ad-Hoc|iPhone
		{3CAFB377-9832-461D-B790-95C7C1E4171A}.Ad-Hoc|iPhone.ActiveCfg = Ad-Hoc|iPhone
		{3CAFB377-9832-461D-B790-95C7C1E4171A}.Ad-Hoc|iPhone.Build.0 = Ad-Hoc|iPhone
		{3CAFB377-9832-461D-B790-95C7C1E4171A}.Ad-Hoc|iPhone.Deploy.0 = Ad-Hoc|iPhone
		{3CAFB377-9832-461D-B790-95C7C1E4171A}.Ad-Hoc|iPhoneSimulator.ActiveCfg = Ad-Hoc|iPhoneSimulator
		{3CAFB377-9832-461D-B790-95C7C1E4171A}.Ad-Hoc|iPhoneSimulator.Build.0 = Ad-Hoc|iPhoneSimulator
		{3CAFB377-9832-461D-B790-95C7C1E4171A}.Ad-Hoc|iPhoneSimulator.Deploy.0 = Ad-Hoc|iPhoneSimulator
		{3CAFB377-9832-461D-B790-95C7C1E4171A}.AppStore|Any CPU.ActiveCfg = AppStore|iPhone
		{3CAFB377-9832-461D-B790-95C7C1E4171A}.AppStore|Any CPU.Build.0 = AppStore|iPhone
		{3CAFB377-9832-461D-B790-95C7C1E4171A}.AppStore|Any CPU.Deploy.0 = AppStore|iPhone
		{3CAFB377-9832-461D-B790-95C7C1E4171A}.AppStore|iPhone.ActiveCfg = AppStore|iPhone
		{3CAFB377-9832-461D-B790-95C7C1E4171A}.AppStore|iPhone.Build.0 = AppStore|iPhone
		{3CAFB377-9832-461D-B790-95C7C1E4171A}.AppStore|iPhone.Deploy.0 = AppStore|iPhone
		{3CAFB377-9832-461D-B790-95C7C1E4171A}.AppStore|iPhoneSimulator.ActiveCfg = AppStore|iPhoneSimulator
		{3CAFB377-9832-461D-B790-95C7C1E4171A}.AppStore|iPhoneSimulator.Build.0 = AppStore|iPhoneSimulator
		{3CAFB377-9832-461D-B790-95C7C1E4171A}.AppStore|iPhoneSimulator.Deploy.0 = AppStore|iPhoneSimulator
		{3CAFB377-9832-461D-B790-95C7C1E4171A}.Debug|Any CPU.ActiveCfg = Debug|iPhoneSimulator
		{3CAFB377-9832-461D-B790-95C7C1E4171A}.Debug|Any CPU.Build.0 = Debug|iPhoneSimulator
		{3CAFB377-9832-461D-B790-95C7C1E4171A}.Debug|Any CPU.Deploy.0 = Debug|iPhoneSimulator
		{3CAFB377-9832-461D-B790-95C7C1E4171A}.Debug|iPhone.ActiveCfg = Debug|iPhone
		{3CAFB377-9832-461D-B790-95C7C1E4171A}.Debug|iPhone.Build.0 = Debug|iPhone
		{3CAFB377-9832-461D-B790-95C7C1E4171A}.Debug|iPhone.Deploy.0 = Debug|iPhone
		{3CAFB377-9832-461D-B790-95C7C1E4171A}.Debug|iPhoneSimulator.ActiveCfg = Debug|iPhoneSimulator
		{3CAFB377-9832-461D-B790-95C7C1E4171A}.Debug|iPhoneSimulator.Build.0 = Debug|iPhoneSimulator
		{3CAFB377-9832-461D-B790-95C7C1E4171A}.Debug|iPhoneSimulator.Deploy.0 = Debug|iPhoneSimulator
		{3CAFB377-9832-461D-B790-95C7C1E4171A}.Release|Any CPU.ActiveCfg = Release|iPhone
		{3CAFB377-9832-461D-B790-95C7C1E4171A}.Release|Any CPU.Build.0 = Release|iPhone
		{3CAFB377-9832-461D-B790-95C7C1E4171A}.Release|Any CPU.Deploy.0 = Release|iPhone
		{3CAFB377-9832-461D-B790-95C7C1E4171A}.Release|iPhone.ActiveCfg = Release|iPhone
		{3CAFB377-9832-461D-B790-95C7C1E4171A}.Release|iPhone.Build.0 = Release|iPhone
		{3CAFB377-9832-461D-B790-95C7C1E4171A}.Release|iPhone.Deploy.0 = Release|iPhone
		{3CAFB377-9832-461D-B790-95C7C1E4171A}.Release|iPhoneSimulator.ActiveCfg = Release|iPhoneSimulator
		{3CAFB377-9832-461D-B790-95C7C1E4171A}.Release|iPhoneSimulator.Build.0 = Release|iPhoneSimulator
		{3CAFB377-9832-461D-B790-95C7C1E4171A}.Release|iPhoneSimulator.Deploy.0 = Release|iPhoneSimulator
		{BD990322-C212-4711-84CA-386E7675D09C}.Ad-Hoc|Any CPU.ActiveCfg = Debug|Any CPU
		{BD990322-C212-4711-84CA-386E7675D09C}.Ad-Hoc|Any CPU.Build.0 = Debug|Any CPU
		{BD990322-C212-4711-84CA-386E7675D09C}.Ad-Hoc|Any CPU.Deploy.0 = Debug|Any CPU
		{BD990322-C212-4711-84CA-386E7675D09C}.Ad-Hoc|iPhone.ActiveCfg = Debug|Any CPU
		{BD990322-C212-4711-84CA-386E7675D09C}.Ad-Hoc|iPhone.Build.0 = Debug|Any CPU
		{BD990322-C212-4711-84CA-386E7675D09C}.Ad-Hoc|iPhone.Deploy.0 = Debug|Any CPU
		{BD990322-C212-4711-84CA-386E7675D09C}.Ad-Hoc|iPhoneSimulator.ActiveCfg = Debug|Any CPU
		{BD990322-C212-4711-84CA-386E7675D09C}.Ad-Hoc|iPhoneSimulator.Build.0 = Debug|Any CPU
		{BD990322-C212-4711-84CA-386E7675D09C}.Ad-Hoc|iPhoneSimulator.Deploy.0 = Debug|Any CPU
		{BD990322-C212-4711-84CA-386E7675D09C}.AppStore|Any CPU.ActiveCfg = Debug|Any CPU
		{BD990322-C212-4711-84CA-386E7675D09C}.AppStore|Any CPU.Build.0 = Debug|Any CPU
		{BD990322-C212-4711-84CA-386E7675D09C}.AppStore|Any CPU.Deploy.0 = Debug|Any CPU
		{BD990322-C212-4711-84CA-386E7675D09C}.AppStore|iPhone.ActiveCfg = Debug|Any CPU
		{BD990322-C212-4711-84CA-386E7675D09C}.AppStore|iPhone.Build.0 = Debug|Any CPU
		{BD990322-C212-4711-84CA-386E7675D09C}.AppStore|iPhone.Deploy.0 = Debug|Any CPU
		{BD990322-C212-4711-84CA-386E7675D09C}.AppStore|iPhoneSimulator.ActiveCfg = Debug|Any CPU
		{BD990322-C212-4711-84CA-386E7675D09C}.AppStore|iPhoneSimulator.Build.0 = Debug|Any CPU
		{BD990322-C212-4711-84CA-386E7675D09C}.AppStore|iPhoneSimulator.Deploy.0 = Debug|Any CPU
		{BD990322-C212-4711-84CA-386E7675D09C}.Debug|Any CPU.ActiveCfg = Debug|Any CPU
		{BD990322-C212-4711-84CA-386E7675D09C}.Debug|Any CPU.Build.0 = Debug|Any CPU
		{BD990322-C212-4711-84CA-386E7675D09C}.Debug|Any CPU.Deploy.0 = Debug|Any CPU
		{BD990322-C212-4711-84CA-386E7675D09C}.Debug|iPhone.ActiveCfg = Debug|Any CPU
		{BD990322-C212-4711-84CA-386E7675D09C}.Debug|iPhone.Build.0 = Debug|Any CPU
		{BD990322-C212-4711-84CA-386E7675D09C}.Debug|iPhone.Deploy.0 = Debug|Any CPU
		{BD990322-C212-4711-84CA-386E7675D09C}.Debug|iPhoneSimulator.ActiveCfg = Debug|Any CPU
		{BD990322-C212-4711-84CA-386E7675D09C}.Debug|iPhoneSimulator.Build.0 = Debug|Any CPU
		{BD990322-C212-4711-84CA-386E7675D09C}.Debug|iPhoneSimulator.Deploy.0 = Debug|Any CPU
		{BD990322-C212-4711-84CA-386E7675D09C}.Release|Any CPU.ActiveCfg = Release|Any CPU
		{BD990322-C212-4711-84CA-386E7675D09C}.Release|Any CPU.Build.0 = Release|Any CPU
		{BD990322-C212-4711-84CA-386E7675D09C}.Release|Any CPU.Deploy.0 = Release|Any CPU
		{BD990322-C212-4711-84CA-386E7675D09C}.Release|iPhone.ActiveCfg = Release|Any CPU
		{BD990322-C212-4711-84CA-386E7675D09C}.Release|iPhone.Build.0 = Release|Any CPU
		{BD990322-C212-4711-84CA-386E7675D09C}.Release|iPhone.Deploy.0 = Release|Any CPU
		{BD990322-C212-4711-84CA-386E7675D09C}.Release|iPhoneSimulator.ActiveCfg = Release|Any CPU
		{BD990322-C212-4711-84CA-386E7675D09C}.Release|iPhoneSimulator.Build.0 = Release|Any CPU
		{BD990322-C212-4711-84CA-386E7675D09C}.Release|iPhoneSimulator.Deploy.0 = Release|Any CPU
	EndGlobalSection
	GlobalSection(SolutionProperties) = preSolution
		HideSolutionNode = FALSE
	EndGlobalSection
	GlobalSection(ExtensibilityGlobals) = postSolution
		SolutionGuid = {718A1A22-705A-44C6-B3FF-F37F4A1B8BD5}
	EndGlobalSection
EndGlobal
